// !$*UTF8*$!
{
	archiveVersion = 1;
	classes = {
	};
	objectVersion = 48;
	objects = {

/* Begin PBXBuildFile section */
		B87B3FB88F4AE652BFB865D5 /* Pods_YousicUITests.framework in Frameworks */ = {isa = PBXBuildFile; fileRef = 288478B0CCFFF6F245FA8094 /* Pods_YousicUITests.framework */; };
		C0B669D61B541BA3B3AE6A31 /* Pods_YousicTests.framework in Frameworks */ = {isa = PBXBuildFile; fileRef = 40E3CA2BA5D6B2A38F17BD23 /* Pods_YousicTests.framework */; };
		DDCED78E6E15DDE7E5A41F16 /* Pods_Yousic.framework in Frameworks */ = {isa = PBXBuildFile; fileRef = 74EE884457F926DED277F1E7 /* Pods_Yousic.framework */; };
		F828302F1F86C37E00AC7874 /* DatabaseReference.swift in Sources */ = {isa = PBXBuildFile; fileRef = F828302E1F86C37E00AC7874 /* DatabaseReference.swift */; };
		F8A040671F859F4D002DF8C5 /* GoogleService-Info.plist in Resources */ = {isa = PBXBuildFile; fileRef = F8A040661F859F4D002DF8C5 /* GoogleService-Info.plist */; };
		F8A040691F85B2DB002DF8C5 /* HomeScreenViewController.swift in Sources */ = {isa = PBXBuildFile; fileRef = F8A040681F85B2DB002DF8C5 /* HomeScreenViewController.swift */; };
		F8C466821F85655200CF6866 /* AppDelegate.swift in Sources */ = {isa = PBXBuildFile; fileRef = F8C466811F85655200CF6866 /* AppDelegate.swift */; };
		F8C466841F85655200CF6866 /* LoginSignupViewController.swift in Sources */ = {isa = PBXBuildFile; fileRef = F8C466831F85655200CF6866 /* LoginSignupViewController.swift */; };
		F8C466871F85655200CF6866 /* Main.storyboard in Resources */ = {isa = PBXBuildFile; fileRef = F8C466851F85655200CF6866 /* Main.storyboard */; };
		F8C4668A1F85655200CF6866 /* Yousic.xcdatamodeld in Sources */ = {isa = PBXBuildFile; fileRef = F8C466881F85655200CF6866 /* Yousic.xcdatamodeld */; };
		F8C4668C1F85655200CF6866 /* Assets.xcassets in Resources */ = {isa = PBXBuildFile; fileRef = F8C4668B1F85655200CF6866 /* Assets.xcassets */; };
		F8C4668F1F85655200CF6866 /* LaunchScreen.storyboard in Resources */ = {isa = PBXBuildFile; fileRef = F8C4668D1F85655200CF6866 /* LaunchScreen.storyboard */; };
		F8C4669A1F85655200CF6866 /* YousicTests.swift in Sources */ = {isa = PBXBuildFile; fileRef = F8C466991F85655200CF6866 /* YousicTests.swift */; };
		F8C466A51F85655200CF6866 /* YousicUITests.swift in Sources */ = {isa = PBXBuildFile; fileRef = F8C466A41F85655200CF6866 /* YousicUITests.swift */; };
/* End PBXBuildFile section */

/* Begin PBXContainerItemProxy section */
		F8C466961F85655200CF6866 /* PBXContainerItemProxy */ = {
			isa = PBXContainerItemProxy;
			containerPortal = F8C466761F85655100CF6866 /* Project object */;
			proxyType = 1;
			remoteGlobalIDString = F8C4667D1F85655100CF6866;
			remoteInfo = Yousic;
		};
		F8C466A11F85655200CF6866 /* PBXContainerItemProxy */ = {
			isa = PBXContainerItemProxy;
			containerPortal = F8C466761F85655100CF6866 /* Project object */;
			proxyType = 1;
			remoteGlobalIDString = F8C4667D1F85655100CF6866;
			remoteInfo = Yousic;
		};
/* End PBXContainerItemProxy section */

/* Begin PBXFileReference section */
		288478B0CCFFF6F245FA8094 /* Pods_YousicUITests.framework */ = {isa = PBXFileReference; explicitFileType = wrapper.framework; includeInIndex = 0; path = Pods_YousicUITests.framework; sourceTree = BUILT_PRODUCTS_DIR; };
		3A816A46A210C843716FAE58 /* Pods-YousicTests.debug.xcconfig */ = {isa = PBXFileReference; includeInIndex = 1; lastKnownFileType = text.xcconfig; name = "Pods-YousicTests.debug.xcconfig"; path = "Pods/Target Support Files/Pods-YousicTests/Pods-YousicTests.debug.xcconfig"; sourceTree = "<group>"; };
		40E3CA2BA5D6B2A38F17BD23 /* Pods_YousicTests.framework */ = {isa = PBXFileReference; explicitFileType = wrapper.framework; includeInIndex = 0; path = Pods_YousicTests.framework; sourceTree = BUILT_PRODUCTS_DIR; };
		4A03B426FDA58BFF5BFF929F /* Pods-YousicUITests.release.xcconfig */ = {isa = PBXFileReference; includeInIndex = 1; lastKnownFileType = text.xcconfig; name = "Pods-YousicUITests.release.xcconfig"; path = "Pods/Target Support Files/Pods-YousicUITests/Pods-YousicUITests.release.xcconfig"; sourceTree = "<group>"; };
		542FBCD2775830C6C7E9CC47 /* Pods-YousicUITests.debug.xcconfig */ = {isa = PBXFileReference; includeInIndex = 1; lastKnownFileType = text.xcconfig; name = "Pods-YousicUITests.debug.xcconfig"; path = "Pods/Target Support Files/Pods-YousicUITests/Pods-YousicUITests.debug.xcconfig"; sourceTree = "<group>"; };
		74EE884457F926DED277F1E7 /* Pods_Yousic.framework */ = {isa = PBXFileReference; explicitFileType = wrapper.framework; includeInIndex = 0; path = Pods_Yousic.framework; sourceTree = BUILT_PRODUCTS_DIR; };
		B048508F74A33BDEED12BCE6 /* Pods-Yousic.debug.xcconfig */ = {isa = PBXFileReference; includeInIndex = 1; lastKnownFileType = text.xcconfig; name = "Pods-Yousic.debug.xcconfig"; path = "Pods/Target Support Files/Pods-Yousic/Pods-Yousic.debug.xcconfig"; sourceTree = "<group>"; };
		DEE5295A5EFF2C0DCADECC04 /* Pods-YousicTests.release.xcconfig */ = {isa = PBXFileReference; includeInIndex = 1; lastKnownFileType = text.xcconfig; name = "Pods-YousicTests.release.xcconfig"; path = "Pods/Target Support Files/Pods-YousicTests/Pods-YousicTests.release.xcconfig"; sourceTree = "<group>"; };
		EEE3573BD0941EC1D889F205 /* Pods-Yousic.release.xcconfig */ = {isa = PBXFileReference; includeInIndex = 1; lastKnownFileType = text.xcconfig; name = "Pods-Yousic.release.xcconfig"; path = "Pods/Target Support Files/Pods-Yousic/Pods-Yousic.release.xcconfig"; sourceTree = "<group>"; };
		F828302E1F86C37E00AC7874 /* DatabaseReference.swift */ = {isa = PBXFileReference; lastKnownFileType = sourcecode.swift; path = DatabaseReference.swift; sourceTree = "<group>"; };
		F8A040661F859F4D002DF8C5 /* GoogleService-Info.plist */ = {isa = PBXFileReference; fileEncoding = 4; lastKnownFileType = text.plist.xml; name = "GoogleService-Info.plist"; path = "../../../../Downloads/GoogleService-Info.plist"; sourceTree = "<group>"; };
		F8A040681F85B2DB002DF8C5 /* HomeScreenViewController.swift */ = {isa = PBXFileReference; lastKnownFileType = sourcecode.swift; path = HomeScreenViewController.swift; sourceTree = "<group>"; };
		F8C4667E1F85655200CF6866 /* Yousic.app */ = {isa = PBXFileReference; explicitFileType = wrapper.application; includeInIndex = 0; path = Yousic.app; sourceTree = BUILT_PRODUCTS_DIR; };
		F8C466811F85655200CF6866 /* AppDelegate.swift */ = {isa = PBXFileReference; lastKnownFileType = sourcecode.swift; path = AppDelegate.swift; sourceTree = "<group>"; };
		F8C466831F85655200CF6866 /* LoginSignupViewController.swift */ = {isa = PBXFileReference; lastKnownFileType = sourcecode.swift; path = LoginSignupViewController.swift; sourceTree = "<group>"; };
		F8C466861F85655200CF6866 /* Base */ = {isa = PBXFileReference; lastKnownFileType = file.storyboard; name = Base; path = Base.lproj/Main.storyboard; sourceTree = "<group>"; };
		F8C466891F85655200CF6866 /* Yousic.xcdatamodel */ = {isa = PBXFileReference; lastKnownFileType = wrapper.xcdatamodel; path = Yousic.xcdatamodel; sourceTree = "<group>"; };
		F8C4668B1F85655200CF6866 /* Assets.xcassets */ = {isa = PBXFileReference; lastKnownFileType = folder.assetcatalog; path = Assets.xcassets; sourceTree = "<group>"; };
		F8C4668E1F85655200CF6866 /* Base */ = {isa = PBXFileReference; lastKnownFileType = file.storyboard; name = Base; path = Base.lproj/LaunchScreen.storyboard; sourceTree = "<group>"; };
		F8C466901F85655200CF6866 /* Info.plist */ = {isa = PBXFileReference; lastKnownFileType = text.plist.xml; path = Info.plist; sourceTree = "<group>"; };
		F8C466951F85655200CF6866 /* YousicTests.xctest */ = {isa = PBXFileReference; explicitFileType = wrapper.cfbundle; includeInIndex = 0; path = YousicTests.xctest; sourceTree = BUILT_PRODUCTS_DIR; };
		F8C466991F85655200CF6866 /* YousicTests.swift */ = {isa = PBXFileReference; lastKnownFileType = sourcecode.swift; path = YousicTests.swift; sourceTree = "<group>"; };
		F8C4669B1F85655200CF6866 /* Info.plist */ = {isa = PBXFileReference; lastKnownFileType = text.plist.xml; path = Info.plist; sourceTree = "<group>"; };
		F8C466A01F85655200CF6866 /* YousicUITests.xctest */ = {isa = PBXFileReference; explicitFileType = wrapper.cfbundle; includeInIndex = 0; path = YousicUITests.xctest; sourceTree = BUILT_PRODUCTS_DIR; };
		F8C466A41F85655200CF6866 /* YousicUITests.swift */ = {isa = PBXFileReference; lastKnownFileType = sourcecode.swift; path = YousicUITests.swift; sourceTree = "<group>"; };
		F8C466A61F85655200CF6866 /* Info.plist */ = {isa = PBXFileReference; lastKnownFileType = text.plist.xml; path = Info.plist; sourceTree = "<group>"; };
/* End PBXFileReference section */

/* Begin PBXFrameworksBuildPhase section */
		F8C4667B1F85655100CF6866 /* Frameworks */ = {
			isa = PBXFrameworksBuildPhase;
			buildActionMask = 2147483647;
			files = (
				DDCED78E6E15DDE7E5A41F16 /* Pods_Yousic.framework in Frameworks */,
			);
			runOnlyForDeploymentPostprocessing = 0;
		};
		F8C466921F85655200CF6866 /* Frameworks */ = {
			isa = PBXFrameworksBuildPhase;
			buildActionMask = 2147483647;
			files = (
				C0B669D61B541BA3B3AE6A31 /* Pods_YousicTests.framework in Frameworks */,
			);
			runOnlyForDeploymentPostprocessing = 0;
		};
		F8C4669D1F85655200CF6866 /* Frameworks */ = {
			isa = PBXFrameworksBuildPhase;
			buildActionMask = 2147483647;
			files = (
				B87B3FB88F4AE652BFB865D5 /* Pods_YousicUITests.framework in Frameworks */,
			);
			runOnlyForDeploymentPostprocessing = 0;
		};
/* End PBXFrameworksBuildPhase section */

/* Begin PBXGroup section */
		77A24484A0AB526B6FDCECC3 /* Frameworks */ = {
			isa = PBXGroup;
			children = (
				74EE884457F926DED277F1E7 /* Pods_Yousic.framework */,
				40E3CA2BA5D6B2A38F17BD23 /* Pods_YousicTests.framework */,
				288478B0CCFFF6F245FA8094 /* Pods_YousicUITests.framework */,
			);
			name = Frameworks;
			sourceTree = "<group>";
		};
		9C2F78BDA8C351BC5C51C7F5 /* Pods */ = {
			isa = PBXGroup;
			children = (
				B048508F74A33BDEED12BCE6 /* Pods-Yousic.debug.xcconfig */,
				EEE3573BD0941EC1D889F205 /* Pods-Yousic.release.xcconfig */,
				3A816A46A210C843716FAE58 /* Pods-YousicTests.debug.xcconfig */,
				DEE5295A5EFF2C0DCADECC04 /* Pods-YousicTests.release.xcconfig */,
				542FBCD2775830C6C7E9CC47 /* Pods-YousicUITests.debug.xcconfig */,
				4A03B426FDA58BFF5BFF929F /* Pods-YousicUITests.release.xcconfig */,
			);
			name = Pods;
			sourceTree = "<group>";
		};
		F828302D1F86C35300AC7874 /* Models */ = {
			isa = PBXGroup;
			children = (
				F828302E1F86C37E00AC7874 /* DatabaseReference.swift */,
			);
			path = Models;
			sourceTree = "<group>";
		};
		F82830301F86C39300AC7874 /* Views */ = {
			isa = PBXGroup;
			children = (
			);
			path = Views;
			sourceTree = "<group>";
		};
		F8A0406A1F85B2E3002DF8C5 /* Controllers */ = {
			isa = PBXGroup;
			children = (
				F8C466831F85655200CF6866 /* LoginSignupViewController.swift */,
				F8A040681F85B2DB002DF8C5 /* HomeScreenViewController.swift */,
			);
			path = Controllers;
			sourceTree = "<group>";
		};
		F8C466751F85655100CF6866 = {
			isa = PBXGroup;
			children = (
				F8C466801F85655200CF6866 /* Yousic */,
				F8C466981F85655200CF6866 /* YousicTests */,
				F8C466A31F85655200CF6866 /* YousicUITests */,
				F8C4667F1F85655200CF6866 /* Products */,
				9C2F78BDA8C351BC5C51C7F5 /* Pods */,
				77A24484A0AB526B6FDCECC3 /* Frameworks */,
			);
			sourceTree = "<group>";
		};
		F8C4667F1F85655200CF6866 /* Products */ = {
			isa = PBXGroup;
			children = (
				F8C4667E1F85655200CF6866 /* Yousic.app */,
				F8C466951F85655200CF6866 /* YousicTests.xctest */,
				F8C466A01F85655200CF6866 /* YousicUITests.xctest */,
			);
			name = Products;
			sourceTree = "<group>";
		};
		F8C466801F85655200CF6866 /* Yousic */ = {
			isa = PBXGroup;
			children = (
				F828302D1F86C35300AC7874 /* Models */,
				F82830301F86C39300AC7874 /* Views */,
				F8A0406A1F85B2E3002DF8C5 /* Controllers */,
				F8A040661F859F4D002DF8C5 /* GoogleService-Info.plist */,
				F8C466811F85655200CF6866 /* AppDelegate.swift */,
				F8C466851F85655200CF6866 /* Main.storyboard */,
				F8C4668B1F85655200CF6866 /* Assets.xcassets */,
				F8C4668D1F85655200CF6866 /* LaunchScreen.storyboard */,
				F8C466901F85655200CF6866 /* Info.plist */,
				F8C466881F85655200CF6866 /* Yousic.xcdatamodeld */,
			);
			path = Yousic;
			sourceTree = "<group>";
		};
		F8C466981F85655200CF6866 /* YousicTests */ = {
			isa = PBXGroup;
			children = (
				F8C466991F85655200CF6866 /* YousicTests.swift */,
				F8C4669B1F85655200CF6866 /* Info.plist */,
			);
			path = YousicTests;
			sourceTree = "<group>";
		};
		F8C466A31F85655200CF6866 /* YousicUITests */ = {
			isa = PBXGroup;
			children = (
				F8C466A41F85655200CF6866 /* YousicUITests.swift */,
				F8C466A61F85655200CF6866 /* Info.plist */,
			);
			path = YousicUITests;
			sourceTree = "<group>";
		};
/* End PBXGroup section */

/* Begin PBXNativeTarget section */
		F8C4667D1F85655100CF6866 /* Yousic */ = {
			isa = PBXNativeTarget;
			buildConfigurationList = F8C466A91F85655200CF6866 /* Build configuration list for PBXNativeTarget "Yousic" */;
			buildPhases = (
				B246B835570CB6AE7FDBD45C /* [CP] Check Pods Manifest.lock */,
				F8C4667A1F85655100CF6866 /* Sources */,
				F8C4667B1F85655100CF6866 /* Frameworks */,
				F8C4667C1F85655100CF6866 /* Resources */,
				E52BF9921428E8B50FFEA9E9 /* [CP] Embed Pods Frameworks */,
				D1A08AB7088183ECD34DC7E2 /* [CP] Copy Pods Resources */,
			);
			buildRules = (
			);
			dependencies = (
			);
			name = Yousic;
			productName = Yousic;
			productReference = F8C4667E1F85655200CF6866 /* Yousic.app */;
			productType = "com.apple.product-type.application";
		};
		F8C466941F85655200CF6866 /* YousicTests */ = {
			isa = PBXNativeTarget;
			buildConfigurationList = F8C466AC1F85655200CF6866 /* Build configuration list for PBXNativeTarget "YousicTests" */;
			buildPhases = (
				7B87222FA6940AE95FBBF7BA /* [CP] Check Pods Manifest.lock */,
				F8C466911F85655200CF6866 /* Sources */,
				F8C466921F85655200CF6866 /* Frameworks */,
				F8C466931F85655200CF6866 /* Resources */,
				9E38330D10E08ACD0E50FAE9 /* [CP] Embed Pods Frameworks */,
				C0D3E8AD5FBFCFE47C31FC82 /* [CP] Copy Pods Resources */,
			);
			buildRules = (
			);
			dependencies = (
				F8C466971F85655200CF6866 /* PBXTargetDependency */,
			);
			name = YousicTests;
			productName = YousicTests;
			productReference = F8C466951F85655200CF6866 /* YousicTests.xctest */;
			productType = "com.apple.product-type.bundle.unit-test";
		};
		F8C4669F1F85655200CF6866 /* YousicUITests */ = {
			isa = PBXNativeTarget;
			buildConfigurationList = F8C466AF1F85655200CF6866 /* Build configuration list for PBXNativeTarget "YousicUITests" */;
			buildPhases = (
				4207406DCD624ED04464DC18 /* [CP] Check Pods Manifest.lock */,
				F8C4669C1F85655200CF6866 /* Sources */,
				F8C4669D1F85655200CF6866 /* Frameworks */,
				F8C4669E1F85655200CF6866 /* Resources */,
				25DAD8EEF3D705D59BB7C9D6 /* [CP] Embed Pods Frameworks */,
				A6DA1E8490C54606B29E4EAF /* [CP] Copy Pods Resources */,
			);
			buildRules = (
			);
			dependencies = (
				F8C466A21F85655200CF6866 /* PBXTargetDependency */,
			);
			name = YousicUITests;
			productName = YousicUITests;
			productReference = F8C466A01F85655200CF6866 /* YousicUITests.xctest */;
			productType = "com.apple.product-type.bundle.ui-testing";
		};
/* End PBXNativeTarget section */

/* Begin PBXProject section */
		F8C466761F85655100CF6866 /* Project object */ = {
			isa = PBXProject;
			attributes = {
				LastSwiftUpdateCheck = 0900;
				LastUpgradeCheck = 0900;
				ORGANIZATIONNAME = ThebaudHouse;
				TargetAttributes = {
					F8C4667D1F85655100CF6866 = {
						CreatedOnToolsVersion = 9.0;
						ProvisioningStyle = Automatic;
					};
					F8C466941F85655200CF6866 = {
						CreatedOnToolsVersion = 9.0;
						ProvisioningStyle = Automatic;
						TestTargetID = F8C4667D1F85655100CF6866;
					};
					F8C4669F1F85655200CF6866 = {
						CreatedOnToolsVersion = 9.0;
						ProvisioningStyle = Automatic;
						TestTargetID = F8C4667D1F85655100CF6866;
					};
				};
			};
			buildConfigurationList = F8C466791F85655100CF6866 /* Build configuration list for PBXProject "Yousic" */;
			compatibilityVersion = "Xcode 8.0";
			developmentRegion = en;
			hasScannedForEncodings = 0;
			knownRegions = (
				en,
				Base,
			);
			mainGroup = F8C466751F85655100CF6866;
			productRefGroup = F8C4667F1F85655200CF6866 /* Products */;
			projectDirPath = "";
			projectRoot = "";
			targets = (
				F8C4667D1F85655100CF6866 /* Yousic */,
				F8C466941F85655200CF6866 /* YousicTests */,
				F8C4669F1F85655200CF6866 /* YousicUITests */,
			);
		};
/* End PBXProject section */

/* Begin PBXResourcesBuildPhase section */
		F8C4667C1F85655100CF6866 /* Resources */ = {
			isa = PBXResourcesBuildPhase;
			buildActionMask = 2147483647;
			files = (
				F8C4668F1F85655200CF6866 /* LaunchScreen.storyboard in Resources */,
				F8A040671F859F4D002DF8C5 /* GoogleService-Info.plist in Resources */,
				F8C4668C1F85655200CF6866 /* Assets.xcassets in Resources */,
				F8C466871F85655200CF6866 /* Main.storyboard in Resources */,
			);
			runOnlyForDeploymentPostprocessing = 0;
		};
		F8C466931F85655200CF6866 /* Resources */ = {
			isa = PBXResourcesBuildPhase;
			buildActionMask = 2147483647;
			files = (
			);
			runOnlyForDeploymentPostprocessing = 0;
		};
		F8C4669E1F85655200CF6866 /* Resources */ = {
			isa = PBXResourcesBuildPhase;
			buildActionMask = 2147483647;
			files = (
			);
			runOnlyForDeploymentPostprocessing = 0;
		};
/* End PBXResourcesBuildPhase section */

/* Begin PBXShellScriptBuildPhase section */
		25DAD8EEF3D705D59BB7C9D6 /* [CP] Embed Pods Frameworks */ = {
			isa = PBXShellScriptBuildPhase;
			buildActionMask = 2147483647;
			files = (
			);
			inputPaths = (
			);
			name = "[CP] Embed Pods Frameworks";
			outputPaths = (
			);
			runOnlyForDeploymentPostprocessing = 0;
			shellPath = /bin/sh;
			shellScript = "\"${SRCROOT}/Pods/Target Support Files/Pods-YousicUITests/Pods-YousicUITests-frameworks.sh\"\n";
			showEnvVarsInLog = 0;
		};
		4207406DCD624ED04464DC18 /* [CP] Check Pods Manifest.lock */ = {
			isa = PBXShellScriptBuildPhase;
			buildActionMask = 2147483647;
			files = (
			);
			inputPaths = (
				"${PODS_PODFILE_DIR_PATH}/Podfile.lock",
				"${PODS_ROOT}/Manifest.lock",
			);
			name = "[CP] Check Pods Manifest.lock";
			outputPaths = (
				"$(DERIVED_FILE_DIR)/Pods-YousicUITests-checkManifestLockResult.txt",
			);
			runOnlyForDeploymentPostprocessing = 0;
			shellPath = /bin/sh;
			shellScript = "diff \"${PODS_PODFILE_DIR_PATH}/Podfile.lock\" \"${PODS_ROOT}/Manifest.lock\" > /dev/null\nif [ $? != 0 ] ; then\n    # print error to STDERR\n    echo \"error: The sandbox is not in sync with the Podfile.lock. Run 'pod install' or update your CocoaPods installation.\" >&2\n    exit 1\nfi\n# This output is used by Xcode 'outputs' to avoid re-running this script phase.\necho \"SUCCESS\" > \"${SCRIPT_OUTPUT_FILE_0}\"\n";
			showEnvVarsInLog = 0;
		};
		7B87222FA6940AE95FBBF7BA /* [CP] Check Pods Manifest.lock */ = {
			isa = PBXShellScriptBuildPhase;
			buildActionMask = 2147483647;
			files = (
			);
			inputPaths = (
				"${PODS_PODFILE_DIR_PATH}/Podfile.lock",
				"${PODS_ROOT}/Manifest.lock",
			);
			name = "[CP] Check Pods Manifest.lock";
			outputPaths = (
				"$(DERIVED_FILE_DIR)/Pods-YousicTests-checkManifestLockResult.txt",
			);
			runOnlyForDeploymentPostprocessing = 0;
			shellPath = /bin/sh;
			shellScript = "diff \"${PODS_PODFILE_DIR_PATH}/Podfile.lock\" \"${PODS_ROOT}/Manifest.lock\" > /dev/null\nif [ $? != 0 ] ; then\n    # print error to STDERR\n    echo \"error: The sandbox is not in sync with the Podfile.lock. Run 'pod install' or update your CocoaPods installation.\" >&2\n    exit 1\nfi\n# This output is used by Xcode 'outputs' to avoid re-running this script phase.\necho \"SUCCESS\" > \"${SCRIPT_OUTPUT_FILE_0}\"\n";
			showEnvVarsInLog = 0;
		};
		9E38330D10E08ACD0E50FAE9 /* [CP] Embed Pods Frameworks */ = {
			isa = PBXShellScriptBuildPhase;
			buildActionMask = 2147483647;
			files = (
			);
			inputPaths = (
			);
			name = "[CP] Embed Pods Frameworks";
			outputPaths = (
			);
			runOnlyForDeploymentPostprocessing = 0;
			shellPath = /bin/sh;
			shellScript = "\"${SRCROOT}/Pods/Target Support Files/Pods-YousicTests/Pods-YousicTests-frameworks.sh\"\n";
			showEnvVarsInLog = 0;
		};
		A6DA1E8490C54606B29E4EAF /* [CP] Copy Pods Resources */ = {
			isa = PBXShellScriptBuildPhase;
			buildActionMask = 2147483647;
			files = (
			);
			inputPaths = (
			);
			name = "[CP] Copy Pods Resources";
			outputPaths = (
			);
			runOnlyForDeploymentPostprocessing = 0;
			shellPath = /bin/sh;
			shellScript = "\"${SRCROOT}/Pods/Target Support Files/Pods-YousicUITests/Pods-YousicUITests-resources.sh\"\n";
			showEnvVarsInLog = 0;
		};
		B246B835570CB6AE7FDBD45C /* [CP] Check Pods Manifest.lock */ = {
			isa = PBXShellScriptBuildPhase;
			buildActionMask = 2147483647;
			files = (
			);
			inputPaths = (
				"${PODS_PODFILE_DIR_PATH}/Podfile.lock",
				"${PODS_ROOT}/Manifest.lock",
			);
			name = "[CP] Check Pods Manifest.lock";
			outputPaths = (
				"$(DERIVED_FILE_DIR)/Pods-Yousic-checkManifestLockResult.txt",
			);
			runOnlyForDeploymentPostprocessing = 0;
			shellPath = /bin/sh;
			shellScript = "diff \"${PODS_PODFILE_DIR_PATH}/Podfile.lock\" \"${PODS_ROOT}/Manifest.lock\" > /dev/null\nif [ $? != 0 ] ; then\n    # print error to STDERR\n    echo \"error: The sandbox is not in sync with the Podfile.lock. Run 'pod install' or update your CocoaPods installation.\" >&2\n    exit 1\nfi\n# This output is used by Xcode 'outputs' to avoid re-running this script phase.\necho \"SUCCESS\" > \"${SCRIPT_OUTPUT_FILE_0}\"\n";
			showEnvVarsInLog = 0;
		};
		C0D3E8AD5FBFCFE47C31FC82 /* [CP] Copy Pods Resources */ = {
			isa = PBXShellScriptBuildPhase;
			buildActionMask = 2147483647;
			files = (
			);
			inputPaths = (
			);
			name = "[CP] Copy Pods Resources";
			outputPaths = (
			);
			runOnlyForDeploymentPostprocessing = 0;
			shellPath = /bin/sh;
			shellScript = "\"${SRCROOT}/Pods/Target Support Files/Pods-YousicTests/Pods-YousicTests-resources.sh\"\n";
			showEnvVarsInLog = 0;
		};
		D1A08AB7088183ECD34DC7E2 /* [CP] Copy Pods Resources */ = {
			isa = PBXShellScriptBuildPhase;
			buildActionMask = 2147483647;
			files = (
			);
			inputPaths = (
			);
			name = "[CP] Copy Pods Resources";
			outputPaths = (
			);
			runOnlyForDeploymentPostprocessing = 0;
			shellPath = /bin/sh;
			shellScript = "\"${SRCROOT}/Pods/Target Support Files/Pods-Yousic/Pods-Yousic-resources.sh\"\n";
			showEnvVarsInLog = 0;
		};
		E52BF9921428E8B50FFEA9E9 /* [CP] Embed Pods Frameworks */ = {
			isa = PBXShellScriptBuildPhase;
			buildActionMask = 2147483647;
			files = (
			);
			inputPaths = (
				"${SRCROOT}/Pods/Target Support Files/Pods-Yousic/Pods-Yousic-frameworks.sh",
				"${BUILT_PRODUCTS_DIR}/Alamofire/Alamofire.framework",
				"${BUILT_PRODUCTS_DIR}/GTMSessionFetcher/GTMSessionFetcher.framework",
				"${BUILT_PRODUCTS_DIR}/GoogleToolboxForMac/GoogleToolboxForMac.framework",
				"${BUILT_PRODUCTS_DIR}/leveldb-library/leveldb.framework",
				"${BUILT_PRODUCTS_DIR}/nanopb/nanopb.framework",
			);
			name = "[CP] Embed Pods Frameworks";
			outputPaths = (
				"${TARGET_BUILD_DIR}/${FRAMEWORKS_FOLDER_PATH}/Alamofire.framework",
				"${TARGET_BUILD_DIR}/${FRAMEWORKS_FOLDER_PATH}/GTMSessionFetcher.framework",
				"${TARGET_BUILD_DIR}/${FRAMEWORKS_FOLDER_PATH}/GoogleToolboxForMac.framework",
				"${TARGET_BUILD_DIR}/${FRAMEWORKS_FOLDER_PATH}/leveldb.framework",
				"${TARGET_BUILD_DIR}/${FRAMEWORKS_FOLDER_PATH}/nanopb.framework",
			);
			runOnlyForDeploymentPostprocessing = 0;
			shellPath = /bin/sh;
			shellScript = "\"${SRCROOT}/Pods/Target Support Files/Pods-Yousic/Pods-Yousic-frameworks.sh\"\n";
			showEnvVarsInLog = 0;
		};
/* End PBXShellScriptBuildPhase section */

/* Begin PBXSourcesBuildPhase section */
		F8C4667A1F85655100CF6866 /* Sources */ = {
			isa = PBXSourcesBuildPhase;
			buildActionMask = 2147483647;
			files = (
				F8C4668A1F85655200CF6866 /* Yousic.xcdatamodeld in Sources */,
				F8A040691F85B2DB002DF8C5 /* HomeScreenViewController.swift in Sources */,
				F828302F1F86C37E00AC7874 /* DatabaseReference.swift in Sources */,
				F8C466841F85655200CF6866 /* LoginSignupViewController.swift in Sources */,
				F8C466821F85655200CF6866 /* AppDelegate.swift in Sources */,
			);
			runOnlyForDeploymentPostprocessing = 0;
		};
		F8C466911F85655200CF6866 /* Sources */ = {
			isa = PBXSourcesBuildPhase;
			buildActionMask = 2147483647;
			files = (
				F8C4669A1F85655200CF6866 /* YousicTests.swift in Sources */,
			);
			runOnlyForDeploymentPostprocessing = 0;
		};
		F8C4669C1F85655200CF6866 /* Sources */ = {
			isa = PBXSourcesBuildPhase;
			buildActionMask = 2147483647;
			files = (
				F8C466A51F85655200CF6866 /* YousicUITests.swift in Sources */,
			);
			runOnlyForDeploymentPostprocessing = 0;
		};
/* End PBXSourcesBuildPhase section */

/* Begin PBXTargetDependency section */
		F8C466971F85655200CF6866 /* PBXTargetDependency */ = {
			isa = PBXTargetDependency;
			target = F8C4667D1F85655100CF6866 /* Yousic */;
			targetProxy = F8C466961F85655200CF6866 /* PBXContainerItemProxy */;
		};
		F8C466A21F85655200CF6866 /* PBXTargetDependency */ = {
			isa = PBXTargetDependency;
			target = F8C4667D1F85655100CF6866 /* Yousic */;
			targetProxy = F8C466A11F85655200CF6866 /* PBXContainerItemProxy */;
		};
/* End PBXTargetDependency section */

/* Begin PBXVariantGroup section */
		F8C466851F85655200CF6866 /* Main.storyboard */ = {
			isa = PBXVariantGroup;
			children = (
				F8C466861F85655200CF6866 /* Base */,
			);
			name = Main.storyboard;
			sourceTree = "<group>";
		};
		F8C4668D1F85655200CF6866 /* LaunchScreen.storyboard */ = {
			isa = PBXVariantGroup;
			children = (
				F8C4668E1F85655200CF6866 /* Base */,
			);
			name = LaunchScreen.storyboard;
			sourceTree = "<group>";
		};
/* End PBXVariantGroup section */

/* Begin XCBuildConfiguration section */
		F8C466A71F85655200CF6866 /* Debug */ = {
			isa = XCBuildConfiguration;
			buildSettings = {
				ALWAYS_SEARCH_USER_PATHS = NO;
				CLANG_ANALYZER_NONNULL = YES;
				CLANG_ANALYZER_NUMBER_OBJECT_CONVERSION = YES_AGGRESSIVE;
				CLANG_CXX_LANGUAGE_STANDARD = "gnu++14";
				CLANG_CXX_LIBRARY = "libc++";
				CLANG_ENABLE_MODULES = YES;
				CLANG_ENABLE_OBJC_ARC = YES;
				CLANG_WARN_BLOCK_CAPTURE_AUTORELEASING = YES;
				CLANG_WARN_BOOL_CONVERSION = YES;
				CLANG_WARN_COMMA = YES;
				CLANG_WARN_CONSTANT_CONVERSION = YES;
				CLANG_WARN_DIRECT_OBJC_ISA_USAGE = YES_ERROR;
				CLANG_WARN_DOCUMENTATION_COMMENTS = YES;
				CLANG_WARN_EMPTY_BODY = YES;
				CLANG_WARN_ENUM_CONVERSION = YES;
				CLANG_WARN_INFINITE_RECURSION = YES;
				CLANG_WARN_INT_CONVERSION = YES;
				CLANG_WARN_NON_LITERAL_NULL_CONVERSION = YES;
				CLANG_WARN_OBJC_LITERAL_CONVERSION = YES;
				CLANG_WARN_OBJC_ROOT_CLASS = YES_ERROR;
				CLANG_WARN_RANGE_LOOP_ANALYSIS = YES;
				CLANG_WARN_STRICT_PROTOTYPES = YES;
				CLANG_WARN_SUSPICIOUS_MOVE = YES;
				CLANG_WARN_UNGUARDED_AVAILABILITY = YES_AGGRESSIVE;
				CLANG_WARN_UNREACHABLE_CODE = YES;
				CLANG_WARN__DUPLICATE_METHOD_MATCH = YES;
				CODE_SIGN_IDENTITY = "iPhone Developer";
				COPY_PHASE_STRIP = NO;
				DEBUG_INFORMATION_FORMAT = dwarf;
				ENABLE_STRICT_OBJC_MSGSEND = YES;
				ENABLE_TESTABILITY = YES;
				GCC_C_LANGUAGE_STANDARD = gnu11;
				GCC_DYNAMIC_NO_PIC = NO;
				GCC_NO_COMMON_BLOCKS = YES;
				GCC_OPTIMIZATION_LEVEL = 0;
				GCC_PREPROCESSOR_DEFINITIONS = (
					"DEBUG=1",
					"$(inherited)",
				);
				GCC_WARN_64_TO_32_BIT_CONVERSION = YES;
				GCC_WARN_ABOUT_RETURN_TYPE = YES_ERROR;
				GCC_WARN_UNDECLARED_SELECTOR = YES;
				GCC_WARN_UNINITIALIZED_AUTOS = YES_AGGRESSIVE;
				GCC_WARN_UNUSED_FUNCTION = YES;
				GCC_WARN_UNUSED_VARIABLE = YES;
				IPHONEOS_DEPLOYMENT_TARGET = 11.0;
				MTL_ENABLE_DEBUG_INFO = YES;
				ONLY_ACTIVE_ARCH = YES;
				SDKROOT = iphoneos;
				SWIFT_ACTIVE_COMPILATION_CONDITIONS = DEBUG;
				SWIFT_OPTIMIZATION_LEVEL = "-Onone";
			};
			name = Debug;
		};
		F8C466A81F85655200CF6866 /* Release */ = {
			isa = XCBuildConfiguration;
			buildSettings = {
				ALWAYS_SEARCH_USER_PATHS = NO;
				CLANG_ANALYZER_NONNULL = YES;
				CLANG_ANALYZER_NUMBER_OBJECT_CONVERSION = YES_AGGRESSIVE;
				CLANG_CXX_LANGUAGE_STANDARD = "gnu++14";
				CLANG_CXX_LIBRARY = "libc++";
				CLANG_ENABLE_MODULES = YES;
				CLANG_ENABLE_OBJC_ARC = YES;
				CLANG_WARN_BLOCK_CAPTURE_AUTORELEASING = YES;
				CLANG_WARN_BOOL_CONVERSION = YES;
				CLANG_WARN_COMMA = YES;
				CLANG_WARN_CONSTANT_CONVERSION = YES;
				CLANG_WARN_DIRECT_OBJC_ISA_USAGE = YES_ERROR;
				CLANG_WARN_DOCUMENTATION_COMMENTS = YES;
				CLANG_WARN_EMPTY_BODY = YES;
				CLANG_WARN_ENUM_CONVERSION = YES;
				CLANG_WARN_INFINITE_RECURSION = YES;
				CLANG_WARN_INT_CONVERSION = YES;
				CLANG_WARN_NON_LITERAL_NULL_CONVERSION = YES;
				CLANG_WARN_OBJC_LITERAL_CONVERSION = YES;
				CLANG_WARN_OBJC_ROOT_CLASS = YES_ERROR;
				CLANG_WARN_RANGE_LOOP_ANALYSIS = YES;
				CLANG_WARN_STRICT_PROTOTYPES = YES;
				CLANG_WARN_SUSPICIOUS_MOVE = YES;
				CLANG_WARN_UNGUARDED_AVAILABILITY = YES_AGGRESSIVE;
				CLANG_WARN_UNREACHABLE_CODE = YES;
				CLANG_WARN__DUPLICATE_METHOD_MATCH = YES;
				CODE_SIGN_IDENTITY = "iPhone Developer";
				COPY_PHASE_STRIP = NO;
				DEBUG_INFORMATION_FORMAT = "dwarf-with-dsym";
				ENABLE_NS_ASSERTIONS = NO;
				ENABLE_STRICT_OBJC_MSGSEND = YES;
				GCC_C_LANGUAGE_STANDARD = gnu11;
				GCC_NO_COMMON_BLOCKS = YES;
				GCC_WARN_64_TO_32_BIT_CONVERSION = YES;
				GCC_WARN_ABOUT_RETURN_TYPE = YES_ERROR;
				GCC_WARN_UNDECLARED_SELECTOR = YES;
				GCC_WARN_UNINITIALIZED_AUTOS = YES_AGGRESSIVE;
				GCC_WARN_UNUSED_FUNCTION = YES;
				GCC_WARN_UNUSED_VARIABLE = YES;
				IPHONEOS_DEPLOYMENT_TARGET = 11.0;
				MTL_ENABLE_DEBUG_INFO = NO;
				SDKROOT = iphoneos;
				SWIFT_OPTIMIZATION_LEVEL = "-Owholemodule";
				VALIDATE_PRODUCT = YES;
			};
			name = Release;
		};
		F8C466AA1F85655200CF6866 /* Debug */ = {
			isa = XCBuildConfiguration;
			baseConfigurationReference = B048508F74A33BDEED12BCE6 /* Pods-Yousic.debug.xcconfig */;
			buildSettings = {
				ASSETCATALOG_COMPILER_APPICON_NAME = AppIcon;
				CODE_SIGN_STYLE = Automatic;
				DEVELOPMENT_TEAM = F2WG4JNKQC;
				INFOPLIST_FILE = Yousic/Info.plist;
				LD_RUNPATH_SEARCH_PATHS = "$(inherited) @executable_path/Frameworks";
				PRODUCT_BUNDLE_IDENTIFIER = ThebaudHouse.Yousic;
				PRODUCT_NAME = "$(TARGET_NAME)";
				SWIFT_VERSION = 4.0;
				TARGETED_DEVICE_FAMILY = "1,2";
			};
			name = Debug;
		};
		F8C466AB1F85655200CF6866 /* Release */ = {
			isa = XCBuildConfiguration;
			baseConfigurationReference = EEE3573BD0941EC1D889F205 /* Pods-Yousic.release.xcconfig */;
			buildSettings = {
				ASSETCATALOG_COMPILER_APPICON_NAME = AppIcon;
				CODE_SIGN_STYLE = Automatic;
				DEVELOPMENT_TEAM = F2WG4JNKQC;
				INFOPLIST_FILE = Yousic/Info.plist;
				LD_RUNPATH_SEARCH_PATHS = "$(inherited) @executable_path/Frameworks";
				PRODUCT_BUNDLE_IDENTIFIER = ThebaudHouse.Yousic;
				PRODUCT_NAME = "$(TARGET_NAME)";
				SWIFT_VERSION = 4.0;
				TARGETED_DEVICE_FAMILY = "1,2";
			};
			name = Release;
		};
		F8C466AD1F85655200CF6866 /* Debug */ = {
			isa = XCBuildConfiguration;
			baseConfigurationReference = 3A816A46A210C843716FAE58 /* Pods-YousicTests.debug.xcconfig */;
			buildSettings = {
				ALWAYS_EMBED_SWIFT_STANDARD_LIBRARIES = YES;
				BUNDLE_LOADER = "$(TEST_HOST)";
				CODE_SIGN_STYLE = Automatic;
				DEVELOPMENT_TEAM = F2WG4JNKQC;
				INFOPLIST_FILE = YousicTests/Info.plist;
				LD_RUNPATH_SEARCH_PATHS = "$(inherited) @executable_path/Frameworks @loader_path/Frameworks";
				PRODUCT_BUNDLE_IDENTIFIER = ThebaudHouse.YousicTests;
				PRODUCT_NAME = "$(TARGET_NAME)";
				SWIFT_VERSION = 4.0;
				TARGETED_DEVICE_FAMILY = "1,2";
				TEST_HOST = "$(BUILT_PRODUCTS_DIR)/Yousic.app/Yousic";
			};
			name = Debug;
		};
		F8C466AE1F85655200CF6866 /* Release */ = {
			isa = XCBuildConfiguration;
			baseConfigurationReference = DEE5295A5EFF2C0DCADECC04 /* Pods-YousicTests.release.xcconfig */;
			buildSettings = {
				ALWAYS_EMBED_SWIFT_STANDARD_LIBRARIES = YES;
				BUNDLE_LOADER = "$(TEST_HOST)";
				CODE_SIGN_STYLE = Automatic;
				DEVELOPMENT_TEAM = F2WG4JNKQC;
				INFOPLIST_FILE = YousicTests/Info.plist;
				LD_RUNPATH_SEARCH_PATHS = "$(inherited) @executable_path/Frameworks @loader_path/Frameworks";
				PRODUCT_BUNDLE_IDENTIFIER = ThebaudHouse.YousicTests;
				PRODUCT_NAME = "$(TARGET_NAME)";
				SWIFT_VERSION = 4.0;
				TARGETED_DEVICE_FAMILY = "1,2";
				TEST_HOST = "$(BUILT_PRODUCTS_DIR)/Yousic.app/Yousic";
			};
			name = Release;
		};
		F8C466B01F85655200CF6866 /* Debug */ = {
			isa = XCBuildConfiguration;
			baseConfigurationReference = 542FBCD2775830C6C7E9CC47 /* Pods-YousicUITests.debug.xcconfig */;
			buildSettings = {
				ALWAYS_EMBED_SWIFT_STANDARD_LIBRARIES = YES;
				CODE_SIGN_STYLE = Automatic;
				DEVELOPMENT_TEAM = F2WG4JNKQC;
				INFOPLIST_FILE = YousicUITests/Info.plist;
				LD_RUNPATH_SEARCH_PATHS = "$(inherited) @executable_path/Frameworks @loader_path/Frameworks";
				PRODUCT_BUNDLE_IDENTIFIER = ThebaudHouse.YousicUITests;
				PRODUCT_NAME = "$(TARGET_NAME)";
				SWIFT_VERSION = 4.0;
				TARGETED_DEVICE_FAMILY = "1,2";
				TEST_TARGET_NAME = Yousic;
			};
			name = Debug;
		};
		F8C466B11F85655200CF6866 /* Release */ = {
			isa = XCBuildConfiguration;
			baseConfigurationReference = 4A03B426FDA58BFF5BFF929F /* Pods-YousicUITests.release.xcconfig */;
			buildSettings = {
				ALWAYS_EMBED_SWIFT_STANDARD_LIBRARIES = YES;
				CODE_SIGN_STYLE = Automatic;
				DEVELOPMENT_TEAM = F2WG4JNKQC;
				INFOPLIST_FILE = YousicUITests/Info.plist;
				LD_RUNPATH_SEARCH_PATHS = "$(inherited) @executable_path/Frameworks @loader_path/Frameworks";
				PRODUCT_BUNDLE_IDENTIFIER = ThebaudHouse.YousicUITests;
				PRODUCT_NAME = "$(TARGET_NAME)";
				SWIFT_VERSION = 4.0;
				TARGETED_DEVICE_FAMILY = "1,2";
				TEST_TARGET_NAME = Yousic;
			};
			name = Release;
		};
/* End XCBuildConfiguration section */

/* Begin XCConfigurationList section */
		F8C466791F85655100CF6866 /* Build configuration list for PBXProject "Yousic" */ = {
			isa = XCConfigurationList;
			buildConfigurations = (
				F8C466A71F85655200CF6866 /* Debug */,
				F8C466A81F85655200CF6866 /* Release */,
			);
			defaultConfigurationIsVisible = 0;
			defaultConfigurationName = Release;
		};
		F8C466A91F85655200CF6866 /* Build configuration list for PBXNativeTarget "Yousic" */ = {
			isa = XCConfigurationList;
			buildConfigurations = (
				F8C466AA1F85655200CF6866 /* Debug */,
				F8C466AB1F85655200CF6866 /* Release */,
			);
			defaultConfigurationIsVisible = 0;
			defaultConfigurationName = Release;
		};
		F8C466AC1F85655200CF6866 /* Build configuration list for PBXNativeTarget "YousicTests" */ = {
			isa = XCConfigurationList;
			buildConfigurations = (
				F8C466AD1F85655200CF6866 /* Debug */,
				F8C466AE1F85655200CF6866 /* Release */,
			);
			defaultConfigurationIsVisible = 0;
			defaultConfigurationName = Release;
		};
		F8C466AF1F85655200CF6866 /* Build configuration list for PBXNativeTarget "YousicUITests" */ = {
			isa = XCConfigurationList;
			buildConfigurations = (
				F8C466B01F85655200CF6866 /* Debug */,
				F8C466B11F85655200CF6866 /* Release */,
			);
			defaultConfigurationIsVisible = 0;
			defaultConfigurationName = Release;
		};
/* End XCConfigurationList section */

/* Begin XCVersionGroup section */
		F8C466881F85655200CF6866 /* Yousic.xcdatamodeld */ = {
			isa = XCVersionGroup;
			children = (
				F8C466891F85655200CF6866 /* Yousic.xcdatamodel */,
			);
			currentVersion = F8C466891F85655200CF6866 /* Yousic.xcdatamodel */;
			path = Yousic.xcdatamodeld;
			sourceTree = "<group>";
			versionGroupType = wrapper.xcdatamodel;
		};
/* End XCVersionGroup section */
	};
	rootObject = F8C466761F85655100CF6866 /* Project object */;
}
